{
   "name": "webrtc-videochat",
   "version": "0.1.0",
   "lockfileVersion": 1,
   "requires": true,
   "dependencies": {
      "bootstrap": {
         "version": "4.4.1",
         "resolved": "https://registry.npm.taobao.org/bootstrap/download/bootstrap-4.4.1.tgz",
         "integrity": "sha1-hYKWDuoMXNK+3oTYsLrzeJw+iwE="
      },
      "ws": {
         "version": "7.2.3",
         "resolved": "https://registry.npm.taobao.org/ws/download/ws-7.2.3.tgz",
         "integrity": "sha1-pUEeH7BNXtDv7nbSbVxG2DDDm0Y="
      }
   }
}
